
Microsoft Visual Studio Solution File, Format Version 12.00
# Visual Studio Version 17
VisualStudioVersion = 17.13.35825.156 d17.13
MinimumVisualStudioVersion = 10.0.40219.1
Project("{FAE04EC0-301F-11D3-BF4B-00C04F79EFBC}") = "App.Repositories", "Repositories\App.Repositories.csproj", "{579A9F20-7F47-411F-8E94-E88C742D54FC}"
EndProject
Project("{FAE04EC0-301F-11D3-BF4B-00C04F79EFBC}") = "App.Services", "Services\App.Services.csproj", "{88466E75-AE8D-4600-A679-6E008C4DDC64}"
EndProject
Project("{FAE04EC0-301F-11D3-BF4B-00C04F79EFBC}") = "App.API", "App.API\App.API.csproj", "{70B19FA9-8BEC-4615-A2A7-D32A8F07758F}"
EndProject
Global
	GlobalSection(SolutionConfigurationPlatforms) = preSolution
		Debug|Any CPU = Debug|Any CPU
		Release|Any CPU = Release|Any CPU
	EndGlobalSection
	GlobalSection(ProjectConfigurationPlatforms) = postSolution
		{579A9F20-7F47-411F-8E94-E88C742D54FC}.Debug|Any CPU.ActiveCfg = Debug|Any CPU
		{579A9F20-7F47-411F-8E94-E88C742D54FC}.Debug|Any CPU.Build.0 = Debug|Any CPU
		{579A9F20-7F47-411F-8E94-E88C742D54FC}.Release|Any CPU.ActiveCfg = Release|Any CPU
		{579A9F20-7F47-411F-8E94-E88C742D54FC}.Release|Any CPU.Build.0 = Release|Any CPU
		{88466E75-AE8D-4600-A679-6E008C4DDC64}.Debug|Any CPU.ActiveCfg = Debug|Any CPU
		{88466E75-AE8D-4600-A679-6E008C4DDC64}.Debug|Any CPU.Build.0 = Debug|Any CPU
		{88466E75-AE8D-4600-A679-6E008C4DDC64}.Release|Any CPU.ActiveCfg = Release|Any CPU
		{88466E75-AE8D-4600-A679-6E008C4DDC64}.Release|Any CPU.Build.0 = Release|Any CPU
		{70B19FA9-8BEC-4615-A2A7-D32A8F07758F}.Debug|Any CPU.ActiveCfg = Debug|Any CPU
		{70B19FA9-8BEC-4615-A2A7-D32A8F07758F}.Debug|Any CPU.Build.0 = Debug|Any CPU
		{70B19FA9-8BEC-4615-A2A7-D32A8F07758F}.Release|Any CPU.ActiveCfg = Release|Any CPU
		{70B19FA9-8BEC-4615-A2A7-D32A8F07758F}.Release|Any CPU.Build.0 = Release|Any CPU
	EndGlobalSection
	GlobalSection(SolutionProperties) = preSolution
		HideSolutionNode = FALSE
	EndGlobalSection
	GlobalSection(ExtensibilityGlobals) = postSolution
		SolutionGuid = {DB2DBB2A-ED37-47C8-BF0A-6BACC30D8388}
	EndGlobalSection
EndGlobal
